{
  "lockfileVersion": 1,
  "workspaces": {
    "": {
      "dependencies": {
        "@hookstate/core": "^4.0.1",
        "pinia": "^2.0.36",
      },
    },
  },
  "packages": {
    "@hookstate/core": ["@hookstate/core@4.0.2", "", { "peerDependencies": { "react": "^16.8.6 || ^17.0.0 || ^18.0.0" } }, "sha512-DTyb4fKk8GCwKFCVoF/2v1qnvs9rEB2Rc9ZH5eh1LRNemUVnC41Vuy6d8UGqQSA0PIUk3DRPzlOA0QQKONpSmQ=="],

    "@vue/devtools-api": ["@vue/devtools-api@6.5.0", "", {}, "sha512-o9KfBeaBmCKl10usN4crU53fYtC1r7jJwdGKjPT24t348rHxgfpZ0xL3Xm/gLUYnc0oTp8LAmrxOeLyu6tbk2Q=="],

    "js-tokens": ["js-tokens@4.0.0", "", {}, "sha512-RdJUflcE3cUzKiMqQgsCu06FPu9UdIJO0beYbPhHN4k6apgJtifcoCtT9bcxOpYBtpD2kCM6Sbzg4CausW/PKQ=="],

    "loose-envify": ["loose-envify@1.4.0", "", { "dependencies": { "js-tokens": "^3.0.0 || ^4.0.0" }, "bin": { "loose-envify": "cli.js" } }, "sha512-lyuxPGr/Wfhrlem2CL/UcnUc1zcqKAImBDzukY7Y5F/yQiNdko6+fRLevlw1HgMySw7f611UIY408EtxRSoK3Q=="],

    "pinia": ["pinia@2.0.36", "", { "dependencies": { "@vue/devtools-api": "^6.5.0", "vue-demi": "*" }, "peerDependencies": { "@vue/composition-api": "^1.4.0", "typescript": ">=4.4.4", "vue": "^2.6.14 || ^3.2.0" }, "optionalPeers": ["@vue/composition-api", "typescript"] }, "sha512-4UKApwjlmJH+VuHKgA+zQMddcCb3ezYnyewQ9NVrsDqZ/j9dMv5+rh+1r48whKNdpFkZAWVxhBp5ewYaYX9JcQ=="],

    "react": ["react@18.3.1", "", { "dependencies": { "loose-envify": "^1.1.0" } }, "sha512-wS+hAgJShR0KhEvPJArfuPVN1+Hz1t0Y6n5jLrGQbkb4urgPE/0Rve+1kMB1v/oWgHgm4WIcV+i7F2pTVj+2iQ=="],

    "vue": ["vue@2.6.14", "", {}, "sha512-x2284lgYvjOMj3Za7kqzRcUSxBboHqtgRE2zlos1qWaOye5yUmHn42LB1250NJBLRwEcdrB0JRwyPTEPhfQjiQ=="],

    "vue-demi": ["vue-demi@0.14.1", "", { "peerDependencies": { "@vue/composition-api": "^1.0.0-rc.1", "vue": "^3.0.0-0 || ^2.6.0" }, "optionalPeers": ["@vue/composition-api"], "bin": { "vue-demi-fix": "bin/vue-demi-fix.js", "vue-demi-switch": "bin/vue-demi-switch.js" } }, "sha512-rt+yuCtXvscYot9SQQj3WKZJVSriPNqVkpVBNEHPzSgBv7QIYzsS410VqVgvx8f9AAPgjg+XPKvmV3vOqqkJQQ=="],
  }
}
